
Microsoft Visual Studio Solution File, Format Version 11.00
# Visual Studio 2010
Project("{FAE04EC0-301F-11D3-BF4B-00C04F79EFBC}") = "PowerLog", "PowerLog\PowerLog.csproj", "{87B3A2EE-5E71-424F-A64B-515945307BA1}"
EndProject
Project("{FAE04EC0-301F-11D3-BF4B-00C04F79EFBC}") = "PowerLog.Tests", "PowerLog.Tests\PowerLog.Tests.csproj", "{B44CCA2D-CAAC-4158-9D28-662F4650BACE}"
EndProject
Project("{FAE04EC0-301F-11D3-BF4B-00C04F79EFBC}") = "PowerLog.Parser", "PowerLog.Parser\PowerLog.Parser.csproj", "{291AF57C-57D6-464F-9259-3270FFB4B27F}"
EndProject
Project("{FAE04EC0-301F-11D3-BF4B-00C04F79EFBC}") = "PowerLog.Model", "PowerLog.Model\PowerLog.Model.csproj", "{8CB9AB41-50EA-42E4-A1AD-687991D999DB}"
EndProject
Project("{FAE04EC0-301F-11D3-BF4B-00C04F79EFBC}") = "PowerLog.Data", "PowerLog.Data\PowerLog.Data.csproj", "{AF95578E-8D2A-4C5A-B102-DAAFF9C0BA45}"
EndProject
Global
	GlobalSection(SolutionConfigurationPlatforms) = preSolution
		Debug|Any CPU = Debug|Any CPU
		Release|Any CPU = Release|Any CPU
	EndGlobalSection
	GlobalSection(ProjectConfigurationPlatforms) = postSolution
		{87B3A2EE-5E71-424F-A64B-515945307BA1}.Debug|Any CPU.ActiveCfg = Debug|Any CPU
		{87B3A2EE-5E71-424F-A64B-515945307BA1}.Debug|Any CPU.Build.0 = Debug|Any CPU
		{87B3A2EE-5E71-424F-A64B-515945307BA1}.Release|Any CPU.ActiveCfg = Release|Any CPU
		{87B3A2EE-5E71-424F-A64B-515945307BA1}.Release|Any CPU.Build.0 = Release|Any CPU
		{B44CCA2D-CAAC-4158-9D28-662F4650BACE}.Debug|Any CPU.ActiveCfg = Debug|Any CPU
		{B44CCA2D-CAAC-4158-9D28-662F4650BACE}.Debug|Any CPU.Build.0 = Debug|Any CPU
		{B44CCA2D-CAAC-4158-9D28-662F4650BACE}.Release|Any CPU.ActiveCfg = Release|Any CPU
		{B44CCA2D-CAAC-4158-9D28-662F4650BACE}.Release|Any CPU.Build.0 = Release|Any CPU
		{291AF57C-57D6-464F-9259-3270FFB4B27F}.Debug|Any CPU.ActiveCfg = Debug|Any CPU
		{291AF57C-57D6-464F-9259-3270FFB4B27F}.Debug|Any CPU.Build.0 = Debug|Any CPU
		{291AF57C-57D6-464F-9259-3270FFB4B27F}.Release|Any CPU.ActiveCfg = Release|Any CPU
		{291AF57C-57D6-464F-9259-3270FFB4B27F}.Release|Any CPU.Build.0 = Release|Any CPU
		{8CB9AB41-50EA-42E4-A1AD-687991D999DB}.Debug|Any CPU.ActiveCfg = Debug|Any CPU
		{8CB9AB41-50EA-42E4-A1AD-687991D999DB}.Debug|Any CPU.Build.0 = Debug|Any CPU
		{8CB9AB41-50EA-42E4-A1AD-687991D999DB}.Release|Any CPU.ActiveCfg = Release|Any CPU
		{8CB9AB41-50EA-42E4-A1AD-687991D999DB}.Release|Any CPU.Build.0 = Release|Any CPU
		{AF95578E-8D2A-4C5A-B102-DAAFF9C0BA45}.Debug|Any CPU.ActiveCfg = Debug|Any CPU
		{AF95578E-8D2A-4C5A-B102-DAAFF9C0BA45}.Debug|Any CPU.Build.0 = Debug|Any CPU
		{AF95578E-8D2A-4C5A-B102-DAAFF9C0BA45}.Release|Any CPU.ActiveCfg = Release|Any CPU
		{AF95578E-8D2A-4C5A-B102-DAAFF9C0BA45}.Release|Any CPU.Build.0 = Release|Any CPU
	EndGlobalSection
	GlobalSection(SolutionProperties) = preSolution
		HideSolutionNode = FALSE
	EndGlobalSection
EndGlobal
